
Microsoft Visual Studio Solution File, Format Version 10.00
# Visual Studio 2008
Project("{8BC9CEB8-8B4A-11D0-8D11-00A0C91BC942}") = "alguichan", "alguichan.vcproj", "{0E53C89A-787F-41C7-B06C-8F54A65A397D}"
EndProject
Project("{8BC9CEB8-8B4A-11D0-8D11-00A0C91BC942}") = "jpeg8b", "..\..\ext\jpeg\jpeg8b.vcproj", "{E5D74EB7-8FD2-42DC-8942-27539FE4D773}"
EndProject
Project("{8BC9CEB8-8B4A-11D0-8D11-00A0C91BC942}") = "lpng12", "..\..\ext\lpng12\lpng12.vcproj", "{E5D74EB7-8FD1-42DC-8842-2753AFE4D773}"
	ProjectSection(ProjectDependencies) = postProject
		{74768DE4-70E9-4B92-A8DE-06DCCE29A881} = {74768DE4-70E9-4B92-A8DE-06DCCE29A881}
	EndProjectSection
EndProject
Project("{8BC9CEB8-8B4A-11D0-8D11-00A0C91BC942}") = "zlib", "..\..\ext\zlib\zlib.vcproj", "{74768DE4-70E9-4B92-A8DE-06DCCE29A881}"
EndProject
Project("{8BC9CEB8-8B4A-11D0-8D11-00A0C91BC942}") = "al4gcn", "al4gcn.vcproj", "{1AB5FC55-DF96-401A-9D64-0C3A02F50318}"
EndProject
Project("{8BC9CEB8-8B4A-11D0-8D11-00A0C91BC942}") = "allegro44", "..\..\ext\allegro44\allegro44.vcproj", "{34E961CF-207F-49BF-8208-CB16A9B5C560}"
EndProject
Project("{8BC9CEB8-8B4A-11D0-8D11-00A0C91BC942}") = "glyphkeeper032", "..\..\ext\glyphkeeper032\glyphkeeper032.vcproj", "{69168E7F-9683-403C-BEAC-1F6BAC4B3ECA}"
EndProject
Project("{8BC9CEB8-8B4A-11D0-8D11-00A0C91BC942}") = "algcn_a4_example", "examples\algcn_a4_example.vcproj", "{17F94A5B-F629-44B1-99B7-C94D3FC2D831}"
	ProjectSection(ProjectDependencies) = postProject
		{1AB5FC55-DF96-401A-9D64-0C3A02F50318} = {1AB5FC55-DF96-401A-9D64-0C3A02F50318}
		{69168E7F-9683-403C-BEAC-1F6BAC4B3ECA} = {69168E7F-9683-403C-BEAC-1F6BAC4B3ECA}
		{0E53C89A-787F-41C7-B06C-8F54A65A397D} = {0E53C89A-787F-41C7-B06C-8F54A65A397D}
		{34E961CF-207F-49BF-8208-CB16A9B5C560} = {34E961CF-207F-49BF-8208-CB16A9B5C560}
	EndProjectSection
EndProject
Project("{8BC9CEB8-8B4A-11D0-8D11-00A0C91BC942}") = "openglgcn", "openglgcn.vcproj", "{E152BF84-B54E-485E-82B6-D661F5F28574}"
EndProject
Project("{8BC9CEB8-8B4A-11D0-8D11-00A0C91BC942}") = "algcn_opengl_example", "examples\algcn_opengl_example.vcproj", "{067CBACF-CA11-41A0-AA4F-087D272BE580}"
	ProjectSection(ProjectDependencies) = postProject
		{1AB5FC55-DF96-401A-9D64-0C3A02F50318} = {1AB5FC55-DF96-401A-9D64-0C3A02F50318}
		{E152BF84-B54E-485E-82B6-D661F5F28574} = {E152BF84-B54E-485E-82B6-D661F5F28574}
		{0E53C89A-787F-41C7-B06C-8F54A65A397D} = {0E53C89A-787F-41C7-B06C-8F54A65A397D}
		{8BD99BB8-1BF3-4213-AACF-EAAC6DFF55CA} = {8BD99BB8-1BF3-4213-AACF-EAAC6DFF55CA}
		{34E961CF-207F-49BF-8208-CB16A9B5C560} = {34E961CF-207F-49BF-8208-CB16A9B5C560}
	EndProjectSection
EndProject
Project("{8BC9CEB8-8B4A-11D0-8D11-00A0C91BC942}") = "allegrogl", "..\..\ext\allegrogl\allegrogl.vcproj", "{8BD99BB8-1BF3-4213-AACF-EAAC6DFF55CA}"
EndProject
Global
	GlobalSection(SolutionConfigurationPlatforms) = preSolution
		Debug|Win32 = Debug|Win32
		Release|Win32 = Release|Win32
	EndGlobalSection
	GlobalSection(ProjectConfigurationPlatforms) = postSolution
		{0E53C89A-787F-41C7-B06C-8F54A65A397D}.Debug|Win32.ActiveCfg = LIB Debug|Win32
		{0E53C89A-787F-41C7-B06C-8F54A65A397D}.Debug|Win32.Build.0 = LIB Debug|Win32
		{0E53C89A-787F-41C7-B06C-8F54A65A397D}.Release|Win32.ActiveCfg = LIB Release|Win32
		{0E53C89A-787F-41C7-B06C-8F54A65A397D}.Release|Win32.Build.0 = LIB Release|Win32
		{E5D74EB7-8FD2-42DC-8942-27539FE4D773}.Debug|Win32.ActiveCfg = LIB Debug|Win32
		{E5D74EB7-8FD2-42DC-8942-27539FE4D773}.Debug|Win32.Build.0 = LIB Debug|Win32
		{E5D74EB7-8FD2-42DC-8942-27539FE4D773}.Release|Win32.ActiveCfg = LIB Release|Win32
		{E5D74EB7-8FD2-42DC-8942-27539FE4D773}.Release|Win32.Build.0 = LIB Release|Win32
		{E5D74EB7-8FD1-42DC-8842-2753AFE4D773}.Debug|Win32.ActiveCfg = DLL Debug|Win32
		{E5D74EB7-8FD1-42DC-8842-2753AFE4D773}.Debug|Win32.Build.0 = DLL Debug|Win32
		{E5D74EB7-8FD1-42DC-8842-2753AFE4D773}.Release|Win32.ActiveCfg = DLL Release|Win32
		{E5D74EB7-8FD1-42DC-8842-2753AFE4D773}.Release|Win32.Build.0 = DLL Release|Win32
		{74768DE4-70E9-4B92-A8DE-06DCCE29A881}.Debug|Win32.ActiveCfg = DLL Debug|Win32
		{74768DE4-70E9-4B92-A8DE-06DCCE29A881}.Debug|Win32.Build.0 = DLL Debug|Win32
		{74768DE4-70E9-4B92-A8DE-06DCCE29A881}.Release|Win32.ActiveCfg = DLL Release|Win32
		{74768DE4-70E9-4B92-A8DE-06DCCE29A881}.Release|Win32.Build.0 = DLL Release|Win32
		{1AB5FC55-DF96-401A-9D64-0C3A02F50318}.Debug|Win32.ActiveCfg = LIB Debug|Win32
		{1AB5FC55-DF96-401A-9D64-0C3A02F50318}.Debug|Win32.Build.0 = LIB Debug|Win32
		{1AB5FC55-DF96-401A-9D64-0C3A02F50318}.Release|Win32.ActiveCfg = LIB Release|Win32
		{1AB5FC55-DF96-401A-9D64-0C3A02F50318}.Release|Win32.Build.0 = LIB Release|Win32
		{34E961CF-207F-49BF-8208-CB16A9B5C560}.Debug|Win32.ActiveCfg = LIB Debug|Win32
		{34E961CF-207F-49BF-8208-CB16A9B5C560}.Debug|Win32.Build.0 = LIB Debug|Win32
		{34E961CF-207F-49BF-8208-CB16A9B5C560}.Release|Win32.ActiveCfg = LIB Release|Win32
		{34E961CF-207F-49BF-8208-CB16A9B5C560}.Release|Win32.Build.0 = LIB Release|Win32
		{69168E7F-9683-403C-BEAC-1F6BAC4B3ECA}.Debug|Win32.ActiveCfg = LIB Debug|Win32
		{69168E7F-9683-403C-BEAC-1F6BAC4B3ECA}.Debug|Win32.Build.0 = LIB Debug|Win32
		{69168E7F-9683-403C-BEAC-1F6BAC4B3ECA}.Release|Win32.ActiveCfg = LIB Release|Win32
		{69168E7F-9683-403C-BEAC-1F6BAC4B3ECA}.Release|Win32.Build.0 = LIB Release|Win32
		{17F94A5B-F629-44B1-99B7-C94D3FC2D831}.Debug|Win32.ActiveCfg = LIB Debug|Win32
		{17F94A5B-F629-44B1-99B7-C94D3FC2D831}.Debug|Win32.Build.0 = LIB Debug|Win32
		{17F94A5B-F629-44B1-99B7-C94D3FC2D831}.Release|Win32.ActiveCfg = LIB Release|Win32
		{17F94A5B-F629-44B1-99B7-C94D3FC2D831}.Release|Win32.Build.0 = LIB Release|Win32
		{E152BF84-B54E-485E-82B6-D661F5F28574}.Debug|Win32.ActiveCfg = LIB Debug|Win32
		{E152BF84-B54E-485E-82B6-D661F5F28574}.Debug|Win32.Build.0 = LIB Debug|Win32
		{E152BF84-B54E-485E-82B6-D661F5F28574}.Release|Win32.ActiveCfg = LIB Release|Win32
		{E152BF84-B54E-485E-82B6-D661F5F28574}.Release|Win32.Build.0 = LIB Release|Win32
		{067CBACF-CA11-41A0-AA4F-087D272BE580}.Debug|Win32.ActiveCfg = LIB Debug|Win32
		{067CBACF-CA11-41A0-AA4F-087D272BE580}.Debug|Win32.Build.0 = LIB Debug|Win32
		{067CBACF-CA11-41A0-AA4F-087D272BE580}.Release|Win32.ActiveCfg = LIB Release|Win32
		{067CBACF-CA11-41A0-AA4F-087D272BE580}.Release|Win32.Build.0 = LIB Release|Win32
		{8BD99BB8-1BF3-4213-AACF-EAAC6DFF55CA}.Debug|Win32.ActiveCfg = LIB Debug|Win32
		{8BD99BB8-1BF3-4213-AACF-EAAC6DFF55CA}.Debug|Win32.Build.0 = LIB Debug|Win32
		{8BD99BB8-1BF3-4213-AACF-EAAC6DFF55CA}.Release|Win32.ActiveCfg = LIB Release|Win32
		{8BD99BB8-1BF3-4213-AACF-EAAC6DFF55CA}.Release|Win32.Build.0 = LIB Release|Win32
	EndGlobalSection
	GlobalSection(SolutionProperties) = preSolution
		HideSolutionNode = FALSE
	EndGlobalSection
EndGlobal
